
Microsoft Visual Studio Solution File, Format Version 12.00
# Visual Studio Version 16
VisualStudioVersion = 16.0.29020.237
MinimumVisualStudioVersion = 10.0.40219.1
Project("{FAE04EC0-301F-11D3-BF4B-00C04F79EFBC}") = "CH01_HW01-1", "CH01_HW01-1\CH01_HW01-1.csproj", "{F9A4F0C4-DB81-4520-ADBB-6F8539A768E1}"
EndProject
Project("{FAE04EC0-301F-11D3-BF4B-00C04F79EFBC}") = "CH01_HW01-2", "CH01_HW01-2\CH01_HW01-2.csproj", "{A9A562E7-ABDE-499C-A9E1-B522B47B6DE3}"
EndProject
Project("{FAE04EC0-301F-11D3-BF4B-00C04F79EFBC}") = "CH01_HW02-1", "CH01_HW02-1\CH01_HW02-1.csproj", "{D75E0D70-7517-4E70-818F-3EE040F4DDA4}"
EndProject
Project("{FAE04EC0-301F-11D3-BF4B-00C04F79EFBC}") = "CH01_HW02-2", "CH01_HW02-2\CH01_HW02-2.csproj", "{9848BBBF-525A-490D-9729-0FF8894C72C3}"
EndProject
Project("{FAE04EC0-301F-11D3-BF4B-00C04F79EFBC}") = "CH01_HW03-1", "CH01_HW03-1\CH01_HW03-1.csproj", "{FB2D6A58-EA27-435D-87AF-8FA426CE53B6}"
EndProject
Project("{FAE04EC0-301F-11D3-BF4B-00C04F79EFBC}") = "CH01_HW03-2", "CH01_HW03-2\CH01_HW03-2.csproj", "{4B29572E-A80C-49BA-9D0D-B9095A0A73B1}"
EndProject
Project("{FAE04EC0-301F-11D3-BF4B-00C04F79EFBC}") = "CH01_HW04-1", "CH01_HW04-1\CH01_HW04-1.csproj", "{F5A0C09A-C3F6-43F2-8602-B8FAB92C976B}"
EndProject
Project("{FAE04EC0-301F-11D3-BF4B-00C04F79EFBC}") = "CH01_HW04-2", "CH01_HW04-2\CH01_HW04-2.csproj", "{906CB7B6-3428-4031-8002-6D192064C7CA}"
EndProject
Project("{FAE04EC0-301F-11D3-BF4B-00C04F79EFBC}") = "CH01_HW05", "CH01_HW05\CH01_HW05.csproj", "{95105D62-F019-4563-B20E-C719BE1F96FC}"
EndProject
Project("{FAE04EC0-301F-11D3-BF4B-00C04F79EFBC}") = "CH01_HW06-1", "CH01_HW06-1\CH01_HW06-1.csproj", "{678878CF-1828-4A32-B965-1427BB318975}"
EndProject
Project("{FAE04EC0-301F-11D3-BF4B-00C04F79EFBC}") = "CH01_HW06-2", "CH01_HW06-2\CH01_HW06-2.csproj", "{A91CAC3F-8DA4-433A-8381-6477FE6B97BB}"
EndProject
Project("{FAE04EC0-301F-11D3-BF4B-00C04F79EFBC}") = "CH01_HW07-1", "CH01_HW07-1\CH01_HW07-1.csproj", "{6C2FC1C2-E067-4714-9DE1-B5B2D9E24FEB}"
EndProject
Project("{FAE04EC0-301F-11D3-BF4B-00C04F79EFBC}") = "CH01_HW07-2", "CH01_HW07-2\CH01_HW07-2.csproj", "{EB1FFC89-5731-49AE-9D7C-FFAADD284FFB}"
EndProject
Project("{FAE04EC0-301F-11D3-BF4B-00C04F79EFBC}") = "CH01_HW08-1", "CH01_HW08-1\CH01_HW08-1.csproj", "{5AC0A107-F162-4818-8D3C-347AED203500}"
EndProject
Project("{FAE04EC0-301F-11D3-BF4B-00C04F79EFBC}") = "CH01_HW08-2", "CH01_HW08-2\CH01_HW08-2.csproj", "{BD4A1EDC-EEE6-45AC-B668-31D69E284557}"
EndProject
Project("{FAE04EC0-301F-11D3-BF4B-00C04F79EFBC}") = "CH01_HW09-1", "CH01_HW09-1\CH01_HW09-1.csproj", "{A9DE319D-49A9-44C0-97BA-FD9E36997DFC}"
EndProject
Project("{FAE04EC0-301F-11D3-BF4B-00C04F79EFBC}") = "CH01_HW09-2", "CH01_HW09-2\CH01_HW09-2.csproj", "{D3AB67A2-06A8-4587-AC24-8B49648471BC}"
EndProject
Project("{FAE04EC0-301F-11D3-BF4B-00C04F79EFBC}") = "CH01_HW10-1", "CH01_HW10-1\CH01_HW10-1.csproj", "{9D9C8CDD-ACC4-4D4A-BF28-8C6685234E28}"
EndProject
Project("{FAE04EC0-301F-11D3-BF4B-00C04F79EFBC}") = "CH01_HW10-2", "CH01_HW10-2\CH01_HW10-2.csproj", "{B2F99D38-EC2A-42E9-B0F3-7C128C916069}"
EndProject
Project("{FAE04EC0-301F-11D3-BF4B-00C04F79EFBC}") = "CH02_HW01", "CH02_HW01\CH02_HW01.csproj", "{F05EBDA0-DC1B-48C3-8479-B55B7A9B7E6B}"
EndProject
Project("{FAE04EC0-301F-11D3-BF4B-00C04F79EFBC}") = "CH02_HW02", "CH02_HW02\CH02_HW02.csproj", "{22C784C7-F73B-46E0-8E84-E492E4D1BC13}"
EndProject
Project("{FAE04EC0-301F-11D3-BF4B-00C04F79EFBC}") = "CH02_HW03", "CH02_HW03\CH02_HW03.csproj", "{30ACE3D5-28D5-47B4-93F9-FD8234B64CC3}"
EndProject
Project("{FAE04EC0-301F-11D3-BF4B-00C04F79EFBC}") = "CH02_HW04", "CH02_HW04\CH02_HW04.csproj", "{7ADF920E-E100-4F17-A0C3-CFBF29CC8C60}"
EndProject
Project("{FAE04EC0-301F-11D3-BF4B-00C04F79EFBC}") = "CH02_HW05", "CH02_HW05\CH02_HW05.csproj", "{092CB731-A2A0-4A1C-B092-0A7833DF1530}"
EndProject
Project("{FAE04EC0-301F-11D3-BF4B-00C04F79EFBC}") = "CH02_HW06", "CH02_HW06\CH02_HW06.csproj", "{168B4E07-6222-4603-8B7D-9B650E27AC48}"
EndProject
Project("{FAE04EC0-301F-11D3-BF4B-00C04F79EFBC}") = "CH02_HW07", "CH02_HW07\CH02_HW07.csproj", "{FBE99AB6-A8D9-4CA9-A38B-E3295441E7FD}"
EndProject
Project("{FAE04EC0-301F-11D3-BF4B-00C04F79EFBC}") = "CH02_HW08", "CH02_HW08\CH02_HW08.csproj", "{936754B1-5743-42F0-B159-7BB40BD5C59C}"
EndProject
Project("{FAE04EC0-301F-11D3-BF4B-00C04F79EFBC}") = "CH02_HW09", "CH02_HW09\CH02_HW09.csproj", "{A5D4C5C6-67C1-4920-BD40-D4481AB8C38E}"
EndProject
Project("{FAE04EC0-301F-11D3-BF4B-00C04F79EFBC}") = "CH02_HW10", "CH02_HW10\CH02_HW10.csproj", "{827C34A6-5460-4188-AD1A-903A7579F872}"
EndProject
Project("{FAE04EC0-301F-11D3-BF4B-00C04F79EFBC}") = "CH03_HW01", "CH03_HW01\CH03_HW01.csproj", "{E289773D-37A6-4D3B-B0B7-E57B220A937D}"
EndProject
Project("{FAE04EC0-301F-11D3-BF4B-00C04F79EFBC}") = "CH03_HW02", "CH03_HW02\CH03_HW02.csproj", "{C602CDEE-B903-4A79-ACCE-93A24A604A3B}"
EndProject
Project("{FAE04EC0-301F-11D3-BF4B-00C04F79EFBC}") = "CH03_HW03", "CH03_HW03\CH03_HW03.csproj", "{00B25E62-F7E2-4FAD-95E5-C2FFBC619F18}"
EndProject
Project("{FAE04EC0-301F-11D3-BF4B-00C04F79EFBC}") = "CH03_HW04", "CH03_HW04\CH03_HW04.csproj", "{6D637B0A-A85D-44C3-9CCF-56C53BC2A04B}"
EndProject
Project("{FAE04EC0-301F-11D3-BF4B-00C04F79EFBC}") = "CH03_HW05", "CH03_HW05\CH03_HW05.csproj", "{99F08AA3-BD05-46A6-A877-88A59867FF42}"
EndProject
Project("{FAE04EC0-301F-11D3-BF4B-00C04F79EFBC}") = "CH03_HW06", "CH03_HW06\CH03_HW06.csproj", "{193AB038-2D2D-4694-98AB-CCC9A7C08CB2}"
EndProject
Project("{FAE04EC0-301F-11D3-BF4B-00C04F79EFBC}") = "CH03_HW07", "CH03_HW07\CH03_HW07.csproj", "{F2866727-22C0-4F20-8E4D-B3CA898AA484}"
EndProject
Project("{FAE04EC0-301F-11D3-BF4B-00C04F79EFBC}") = "CH03_HW08", "CH03_HW08\CH03_HW08.csproj", "{EC351AB2-E4B9-490E-8FA4-96F2D5127D10}"
EndProject
Project("{FAE04EC0-301F-11D3-BF4B-00C04F79EFBC}") = "CH03_HW09", "CH03_HW09\CH03_HW09.csproj", "{EC280320-ED48-43D8-A983-FF3DABAA58F2}"
EndProject
Project("{FAE04EC0-301F-11D3-BF4B-00C04F79EFBC}") = "CH03_HW10", "CH03_HW10\CH03_HW10.csproj", "{8684EE76-A5CA-4C8D-A82E-A6309CE2708D}"
EndProject
Global
	GlobalSection(SolutionConfigurationPlatforms) = preSolution
		Debug|Any CPU = Debug|Any CPU
		Release|Any CPU = Release|Any CPU
	EndGlobalSection
	GlobalSection(ProjectConfigurationPlatforms) = postSolution
		{F9A4F0C4-DB81-4520-ADBB-6F8539A768E1}.Debug|Any CPU.ActiveCfg = Debug|Any CPU
		{F9A4F0C4-DB81-4520-ADBB-6F8539A768E1}.Debug|Any CPU.Build.0 = Debug|Any CPU
		{F9A4F0C4-DB81-4520-ADBB-6F8539A768E1}.Release|Any CPU.ActiveCfg = Release|Any CPU
		{F9A4F0C4-DB81-4520-ADBB-6F8539A768E1}.Release|Any CPU.Build.0 = Release|Any CPU
		{A9A562E7-ABDE-499C-A9E1-B522B47B6DE3}.Debug|Any CPU.ActiveCfg = Debug|Any CPU
		{A9A562E7-ABDE-499C-A9E1-B522B47B6DE3}.Debug|Any CPU.Build.0 = Debug|Any CPU
		{A9A562E7-ABDE-499C-A9E1-B522B47B6DE3}.Release|Any CPU.ActiveCfg = Release|Any CPU
		{A9A562E7-ABDE-499C-A9E1-B522B47B6DE3}.Release|Any CPU.Build.0 = Release|Any CPU
		{D75E0D70-7517-4E70-818F-3EE040F4DDA4}.Debug|Any CPU.ActiveCfg = Debug|Any CPU
		{D75E0D70-7517-4E70-818F-3EE040F4DDA4}.Debug|Any CPU.Build.0 = Debug|Any CPU
		{D75E0D70-7517-4E70-818F-3EE040F4DDA4}.Release|Any CPU.ActiveCfg = Release|Any CPU
		{D75E0D70-7517-4E70-818F-3EE040F4DDA4}.Release|Any CPU.Build.0 = Release|Any CPU
		{9848BBBF-525A-490D-9729-0FF8894C72C3}.Debug|Any CPU.ActiveCfg = Debug|Any CPU
		{9848BBBF-525A-490D-9729-0FF8894C72C3}.Debug|Any CPU.Build.0 = Debug|Any CPU
		{9848BBBF-525A-490D-9729-0FF8894C72C3}.Release|Any CPU.ActiveCfg = Release|Any CPU
		{9848BBBF-525A-490D-9729-0FF8894C72C3}.Release|Any CPU.Build.0 = Release|Any CPU
		{FB2D6A58-EA27-435D-87AF-8FA426CE53B6}.Debug|Any CPU.ActiveCfg = Debug|Any CPU
		{FB2D6A58-EA27-435D-87AF-8FA426CE53B6}.Debug|Any CPU.Build.0 = Debug|Any CPU
		{FB2D6A58-EA27-435D-87AF-8FA426CE53B6}.Release|Any CPU.ActiveCfg = Release|Any CPU
		{FB2D6A58-EA27-435D-87AF-8FA426CE53B6}.Release|Any CPU.Build.0 = Release|Any CPU
		{4B29572E-A80C-49BA-9D0D-B9095A0A73B1}.Debug|Any CPU.ActiveCfg = Debug|Any CPU
		{4B29572E-A80C-49BA-9D0D-B9095A0A73B1}.Debug|Any CPU.Build.0 = Debug|Any CPU
		{4B29572E-A80C-49BA-9D0D-B9095A0A73B1}.Release|Any CPU.ActiveCfg = Release|Any CPU
		{4B29572E-A80C-49BA-9D0D-B9095A0A73B1}.Release|Any CPU.Build.0 = Release|Any CPU
		{F5A0C09A-C3F6-43F2-8602-B8FAB92C976B}.Debug|Any CPU.ActiveCfg = Debug|Any CPU
		{F5A0C09A-C3F6-43F2-8602-B8FAB92C976B}.Debug|Any CPU.Build.0 = Debug|Any CPU
		{F5A0C09A-C3F6-43F2-8602-B8FAB92C976B}.Release|Any CPU.ActiveCfg = Release|Any CPU
		{F5A0C09A-C3F6-43F2-8602-B8FAB92C976B}.Release|Any CPU.Build.0 = Release|Any CPU
		{906CB7B6-3428-4031-8002-6D192064C7CA}.Debug|Any CPU.ActiveCfg = Debug|Any CPU
		{906CB7B6-3428-4031-8002-6D192064C7CA}.Debug|Any CPU.Build.0 = Debug|Any CPU
		{906CB7B6-3428-4031-8002-6D192064C7CA}.Release|Any CPU.ActiveCfg = Release|Any CPU
		{906CB7B6-3428-4031-8002-6D192064C7CA}.Release|Any CPU.Build.0 = Release|Any CPU
		{95105D62-F019-4563-B20E-C719BE1F96FC}.Debug|Any CPU.ActiveCfg = Debug|Any CPU
		{95105D62-F019-4563-B20E-C719BE1F96FC}.Debug|Any CPU.Build.0 = Debug|Any CPU
		{95105D62-F019-4563-B20E-C719BE1F96FC}.Release|Any CPU.ActiveCfg = Release|Any CPU
		{95105D62-F019-4563-B20E-C719BE1F96FC}.Release|Any CPU.Build.0 = Release|Any CPU
		{678878CF-1828-4A32-B965-1427BB318975}.Debug|Any CPU.ActiveCfg = Debug|Any CPU
		{678878CF-1828-4A32-B965-1427BB318975}.Debug|Any CPU.Build.0 = Debug|Any CPU
		{678878CF-1828-4A32-B965-1427BB318975}.Release|Any CPU.ActiveCfg = Release|Any CPU
		{678878CF-1828-4A32-B965-1427BB318975}.Release|Any CPU.Build.0 = Release|Any CPU
		{A91CAC3F-8DA4-433A-8381-6477FE6B97BB}.Debug|Any CPU.ActiveCfg = Debug|Any CPU
		{A91CAC3F-8DA4-433A-8381-6477FE6B97BB}.Debug|Any CPU.Build.0 = Debug|Any CPU
		{A91CAC3F-8DA4-433A-8381-6477FE6B97BB}.Release|Any CPU.ActiveCfg = Release|Any CPU
		{A91CAC3F-8DA4-433A-8381-6477FE6B97BB}.Release|Any CPU.Build.0 = Release|Any CPU
		{6C2FC1C2-E067-4714-9DE1-B5B2D9E24FEB}.Debug|Any CPU.ActiveCfg = Debug|Any CPU
		{6C2FC1C2-E067-4714-9DE1-B5B2D9E24FEB}.Debug|Any CPU.Build.0 = Debug|Any CPU
		{6C2FC1C2-E067-4714-9DE1-B5B2D9E24FEB}.Release|Any CPU.ActiveCfg = Release|Any CPU
		{6C2FC1C2-E067-4714-9DE1-B5B2D9E24FEB}.Release|Any CPU.Build.0 = Release|Any CPU
		{EB1FFC89-5731-49AE-9D7C-FFAADD284FFB}.Debug|Any CPU.ActiveCfg = Debug|Any CPU
		{EB1FFC89-5731-49AE-9D7C-FFAADD284FFB}.Debug|Any CPU.Build.0 = Debug|Any CPU
		{EB1FFC89-5731-49AE-9D7C-FFAADD284FFB}.Release|Any CPU.ActiveCfg = Release|Any CPU
		{EB1FFC89-5731-49AE-9D7C-FFAADD284FFB}.Release|Any CPU.Build.0 = Release|Any CPU
		{5AC0A107-F162-4818-8D3C-347AED203500}.Debug|Any CPU.ActiveCfg = Debug|Any CPU
		{5AC0A107-F162-4818-8D3C-347AED203500}.Debug|Any CPU.Build.0 = Debug|Any CPU
		{5AC0A107-F162-4818-8D3C-347AED203500}.Release|Any CPU.ActiveCfg = Release|Any CPU
		{5AC0A107-F162-4818-8D3C-347AED203500}.Release|Any CPU.Build.0 = Release|Any CPU
		{BD4A1EDC-EEE6-45AC-B668-31D69E284557}.Debug|Any CPU.ActiveCfg = Debug|Any CPU
		{BD4A1EDC-EEE6-45AC-B668-31D69E284557}.Debug|Any CPU.Build.0 = Debug|Any CPU
		{BD4A1EDC-EEE6-45AC-B668-31D69E284557}.Release|Any CPU.ActiveCfg = Release|Any CPU
		{BD4A1EDC-EEE6-45AC-B668-31D69E284557}.Release|Any CPU.Build.0 = Release|Any CPU
		{A9DE319D-49A9-44C0-97BA-FD9E36997DFC}.Debug|Any CPU.ActiveCfg = Debug|Any CPU
		{A9DE319D-49A9-44C0-97BA-FD9E36997DFC}.Debug|Any CPU.Build.0 = Debug|Any CPU
		{A9DE319D-49A9-44C0-97BA-FD9E36997DFC}.Release|Any CPU.ActiveCfg = Release|Any CPU
		{A9DE319D-49A9-44C0-97BA-FD9E36997DFC}.Release|Any CPU.Build.0 = Release|Any CPU
		{D3AB67A2-06A8-4587-AC24-8B49648471BC}.Debug|Any CPU.ActiveCfg = Debug|Any CPU
		{D3AB67A2-06A8-4587-AC24-8B49648471BC}.Debug|Any CPU.Build.0 = Debug|Any CPU
		{D3AB67A2-06A8-4587-AC24-8B49648471BC}.Release|Any CPU.ActiveCfg = Release|Any CPU
		{D3AB67A2-06A8-4587-AC24-8B49648471BC}.Release|Any CPU.Build.0 = Release|Any CPU
		{9D9C8CDD-ACC4-4D4A-BF28-8C6685234E28}.Debug|Any CPU.ActiveCfg = Debug|Any CPU
		{9D9C8CDD-ACC4-4D4A-BF28-8C6685234E28}.Debug|Any CPU.Build.0 = Debug|Any CPU
		{9D9C8CDD-ACC4-4D4A-BF28-8C6685234E28}.Release|Any CPU.ActiveCfg = Release|Any CPU
		{9D9C8CDD-ACC4-4D4A-BF28-8C6685234E28}.Release|Any CPU.Build.0 = Release|Any CPU
		{B2F99D38-EC2A-42E9-B0F3-7C128C916069}.Debug|Any CPU.ActiveCfg = Debug|Any CPU
		{B2F99D38-EC2A-42E9-B0F3-7C128C916069}.Debug|Any CPU.Build.0 = Debug|Any CPU
		{B2F99D38-EC2A-42E9-B0F3-7C128C916069}.Release|Any CPU.ActiveCfg = Release|Any CPU
		{B2F99D38-EC2A-42E9-B0F3-7C128C916069}.Release|Any CPU.Build.0 = Release|Any CPU
		{F05EBDA0-DC1B-48C3-8479-B55B7A9B7E6B}.Debug|Any CPU.ActiveCfg = Debug|Any CPU
		{F05EBDA0-DC1B-48C3-8479-B55B7A9B7E6B}.Debug|Any CPU.Build.0 = Debug|Any CPU
		{F05EBDA0-DC1B-48C3-8479-B55B7A9B7E6B}.Release|Any CPU.ActiveCfg = Release|Any CPU
		{F05EBDA0-DC1B-48C3-8479-B55B7A9B7E6B}.Release|Any CPU.Build.0 = Release|Any CPU
		{22C784C7-F73B-46E0-8E84-E492E4D1BC13}.Debug|Any CPU.ActiveCfg = Debug|Any CPU
		{22C784C7-F73B-46E0-8E84-E492E4D1BC13}.Debug|Any CPU.Build.0 = Debug|Any CPU
		{22C784C7-F73B-46E0-8E84-E492E4D1BC13}.Release|Any CPU.ActiveCfg = Release|Any CPU
		{22C784C7-F73B-46E0-8E84-E492E4D1BC13}.Release|Any CPU.Build.0 = Release|Any CPU
		{30ACE3D5-28D5-47B4-93F9-FD8234B64CC3}.Debug|Any CPU.ActiveCfg = Debug|Any CPU
		{30ACE3D5-28D5-47B4-93F9-FD8234B64CC3}.Debug|Any CPU.Build.0 = Debug|Any CPU
		{30ACE3D5-28D5-47B4-93F9-FD8234B64CC3}.Release|Any CPU.ActiveCfg = Release|Any CPU
		{30ACE3D5-28D5-47B4-93F9-FD8234B64CC3}.Release|Any CPU.Build.0 = Release|Any CPU
		{7ADF920E-E100-4F17-A0C3-CFBF29CC8C60}.Debug|Any CPU.ActiveCfg = Debug|Any CPU
		{7ADF920E-E100-4F17-A0C3-CFBF29CC8C60}.Debug|Any CPU.Build.0 = Debug|Any CPU
		{7ADF920E-E100-4F17-A0C3-CFBF29CC8C60}.Release|Any CPU.ActiveCfg = Release|Any CPU
		{7ADF920E-E100-4F17-A0C3-CFBF29CC8C60}.Release|Any CPU.Build.0 = Release|Any CPU
		{092CB731-A2A0-4A1C-B092-0A7833DF1530}.Debug|Any CPU.ActiveCfg = Debug|Any CPU
		{092CB731-A2A0-4A1C-B092-0A7833DF1530}.Debug|Any CPU.Build.0 = Debug|Any CPU
		{092CB731-A2A0-4A1C-B092-0A7833DF1530}.Release|Any CPU.ActiveCfg = Release|Any CPU
		{092CB731-A2A0-4A1C-B092-0A7833DF1530}.Release|Any CPU.Build.0 = Release|Any CPU
		{168B4E07-6222-4603-8B7D-9B650E27AC48}.Debug|Any CPU.ActiveCfg = Debug|Any CPU
		{168B4E07-6222-4603-8B7D-9B650E27AC48}.Debug|Any CPU.Build.0 = Debug|Any CPU
		{168B4E07-6222-4603-8B7D-9B650E27AC48}.Release|Any CPU.ActiveCfg = Release|Any CPU
		{168B4E07-6222-4603-8B7D-9B650E27AC48}.Release|Any CPU.Build.0 = Release|Any CPU
		{FBE99AB6-A8D9-4CA9-A38B-E3295441E7FD}.Debug|Any CPU.ActiveCfg = Debug|Any CPU
		{FBE99AB6-A8D9-4CA9-A38B-E3295441E7FD}.Debug|Any CPU.Build.0 = Debug|Any CPU
		{FBE99AB6-A8D9-4CA9-A38B-E3295441E7FD}.Release|Any CPU.ActiveCfg = Release|Any CPU
		{FBE99AB6-A8D9-4CA9-A38B-E3295441E7FD}.Release|Any CPU.Build.0 = Release|Any CPU
		{936754B1-5743-42F0-B159-7BB40BD5C59C}.Debug|Any CPU.ActiveCfg = Debug|Any CPU
		{936754B1-5743-42F0-B159-7BB40BD5C59C}.Debug|Any CPU.Build.0 = Debug|Any CPU
		{936754B1-5743-42F0-B159-7BB40BD5C59C}.Release|Any CPU.ActiveCfg = Release|Any CPU
		{936754B1-5743-42F0-B159-7BB40BD5C59C}.Release|Any CPU.Build.0 = Release|Any CPU
		{A5D4C5C6-67C1-4920-BD40-D4481AB8C38E}.Debug|Any CPU.ActiveCfg = Debug|Any CPU
		{A5D4C5C6-67C1-4920-BD40-D4481AB8C38E}.Debug|Any CPU.Build.0 = Debug|Any CPU
		{A5D4C5C6-67C1-4920-BD40-D4481AB8C38E}.Release|Any CPU.ActiveCfg = Release|Any CPU
		{A5D4C5C6-67C1-4920-BD40-D4481AB8C38E}.Release|Any CPU.Build.0 = Release|Any CPU
		{827C34A6-5460-4188-AD1A-903A7579F872}.Debug|Any CPU.ActiveCfg = Debug|Any CPU
		{827C34A6-5460-4188-AD1A-903A7579F872}.Debug|Any CPU.Build.0 = Debug|Any CPU
		{827C34A6-5460-4188-AD1A-903A7579F872}.Release|Any CPU.ActiveCfg = Release|Any CPU
		{827C34A6-5460-4188-AD1A-903A7579F872}.Release|Any CPU.Build.0 = Release|Any CPU
		{E289773D-37A6-4D3B-B0B7-E57B220A937D}.Debug|Any CPU.ActiveCfg = Debug|Any CPU
		{E289773D-37A6-4D3B-B0B7-E57B220A937D}.Debug|Any CPU.Build.0 = Debug|Any CPU
		{E289773D-37A6-4D3B-B0B7-E57B220A937D}.Release|Any CPU.ActiveCfg = Release|Any CPU
		{E289773D-37A6-4D3B-B0B7-E57B220A937D}.Release|Any CPU.Build.0 = Release|Any CPU
		{C602CDEE-B903-4A79-ACCE-93A24A604A3B}.Debug|Any CPU.ActiveCfg = Debug|Any CPU
		{C602CDEE-B903-4A79-ACCE-93A24A604A3B}.Debug|Any CPU.Build.0 = Debug|Any CPU
		{C602CDEE-B903-4A79-ACCE-93A24A604A3B}.Release|Any CPU.ActiveCfg = Release|Any CPU
		{C602CDEE-B903-4A79-ACCE-93A24A604A3B}.Release|Any CPU.Build.0 = Release|Any CPU
		{00B25E62-F7E2-4FAD-95E5-C2FFBC619F18}.Debug|Any CPU.ActiveCfg = Debug|Any CPU
		{00B25E62-F7E2-4FAD-95E5-C2FFBC619F18}.Debug|Any CPU.Build.0 = Debug|Any CPU
		{00B25E62-F7E2-4FAD-95E5-C2FFBC619F18}.Release|Any CPU.ActiveCfg = Release|Any CPU
		{00B25E62-F7E2-4FAD-95E5-C2FFBC619F18}.Release|Any CPU.Build.0 = Release|Any CPU
		{6D637B0A-A85D-44C3-9CCF-56C53BC2A04B}.Debug|Any CPU.ActiveCfg = Debug|Any CPU
		{6D637B0A-A85D-44C3-9CCF-56C53BC2A04B}.Debug|Any CPU.Build.0 = Debug|Any CPU
		{6D637B0A-A85D-44C3-9CCF-56C53BC2A04B}.Release|Any CPU.ActiveCfg = Release|Any CPU
		{6D637B0A-A85D-44C3-9CCF-56C53BC2A04B}.Release|Any CPU.Build.0 = Release|Any CPU
		{99F08AA3-BD05-46A6-A877-88A59867FF42}.Debug|Any CPU.ActiveCfg = Debug|Any CPU
		{99F08AA3-BD05-46A6-A877-88A59867FF42}.Debug|Any CPU.Build.0 = Debug|Any CPU
		{99F08AA3-BD05-46A6-A877-88A59867FF42}.Release|Any CPU.ActiveCfg = Release|Any CPU
		{99F08AA3-BD05-46A6-A877-88A59867FF42}.Release|Any CPU.Build.0 = Release|Any CPU
		{193AB038-2D2D-4694-98AB-CCC9A7C08CB2}.Debug|Any CPU.ActiveCfg = Debug|Any CPU
		{193AB038-2D2D-4694-98AB-CCC9A7C08CB2}.Debug|Any CPU.Build.0 = Debug|Any CPU
		{193AB038-2D2D-4694-98AB-CCC9A7C08CB2}.Release|Any CPU.ActiveCfg = Release|Any CPU
		{193AB038-2D2D-4694-98AB-CCC9A7C08CB2}.Release|Any CPU.Build.0 = Release|Any CPU
		{F2866727-22C0-4F20-8E4D-B3CA898AA484}.Debug|Any CPU.ActiveCfg = Debug|Any CPU
		{F2866727-22C0-4F20-8E4D-B3CA898AA484}.Debug|Any CPU.Build.0 = Debug|Any CPU
		{F2866727-22C0-4F20-8E4D-B3CA898AA484}.Release|Any CPU.ActiveCfg = Release|Any CPU
		{F2866727-22C0-4F20-8E4D-B3CA898AA484}.Release|Any CPU.Build.0 = Release|Any CPU
		{EC351AB2-E4B9-490E-8FA4-96F2D5127D10}.Debug|Any CPU.ActiveCfg = Debug|Any CPU
		{EC351AB2-E4B9-490E-8FA4-96F2D5127D10}.Debug|Any CPU.Build.0 = Debug|Any CPU
		{EC351AB2-E4B9-490E-8FA4-96F2D5127D10}.Release|Any CPU.ActiveCfg = Release|Any CPU
		{EC351AB2-E4B9-490E-8FA4-96F2D5127D10}.Release|Any CPU.Build.0 = Release|Any CPU
		{EC280320-ED48-43D8-A983-FF3DABAA58F2}.Debug|Any CPU.ActiveCfg = Debug|Any CPU
		{EC280320-ED48-43D8-A983-FF3DABAA58F2}.Debug|Any CPU.Build.0 = Debug|Any CPU
		{EC280320-ED48-43D8-A983-FF3DABAA58F2}.Release|Any CPU.ActiveCfg = Release|Any CPU
		{EC280320-ED48-43D8-A983-FF3DABAA58F2}.Release|Any CPU.Build.0 = Release|Any CPU
		{8684EE76-A5CA-4C8D-A82E-A6309CE2708D}.Debug|Any CPU.ActiveCfg = Debug|Any CPU
		{8684EE76-A5CA-4C8D-A82E-A6309CE2708D}.Debug|Any CPU.Build.0 = Debug|Any CPU
		{8684EE76-A5CA-4C8D-A82E-A6309CE2708D}.Release|Any CPU.ActiveCfg = Release|Any CPU
		{8684EE76-A5CA-4C8D-A82E-A6309CE2708D}.Release|Any CPU.Build.0 = Release|Any CPU
	EndGlobalSection
	GlobalSection(SolutionProperties) = preSolution
		HideSolutionNode = FALSE
	EndGlobalSection
	GlobalSection(ExtensibilityGlobals) = postSolution
		SolutionGuid = {31496077-4553-41C5-833B-C8A0EE0068F0}
	EndGlobalSection
EndGlobal
